
Microsoft Visual Studio Solution File, Format Version 12.00
# Visual Studio Version 17
VisualStudioVersion = 17.6.33723.286
MinimumVisualStudioVersion = 10.0.40219.1
Project("{FAE04EC0-301F-11D3-BF4B-00C04F79EFBC}") = "ProteinTrackerWebAppService", "ProteinTrackerWebAppService\ProteinTrackerWebAppService.csproj", "{56AB7FF6-6DB5-4529-AF55-8550808B8A6F}"
EndProject
Global
	GlobalSection(SolutionConfigurationPlatforms) = preSolution
		Debug|Any CPU = Debug|Any CPU
		Release|Any CPU = Release|Any CPU
	EndGlobalSection
	GlobalSection(ProjectConfigurationPlatforms) = postSolution
		{56AB7FF6-6DB5-4529-AF55-8550808B8A6F}.Debug|Any CPU.ActiveCfg = Debug|Any CPU
		{56AB7FF6-6DB5-4529-AF55-8550808B8A6F}.Debug|Any CPU.Build.0 = Debug|Any CPU
		{56AB7FF6-6DB5-4529-AF55-8550808B8A6F}.Release|Any CPU.ActiveCfg = Release|Any CPU
		{56AB7FF6-6DB5-4529-AF55-8550808B8A6F}.Release|Any CPU.Build.0 = Release|Any CPU
	EndGlobalSection
	GlobalSection(SolutionProperties) = preSolution
		HideSolutionNode = FALSE
	EndGlobalSection
	GlobalSection(ExtensibilityGlobals) = postSolution
		SolutionGuid = {2621BB78-F4FF-4325-946B-FC0C6E87C16C}
	EndGlobalSection
EndGlobal
